
Microsoft Visual Studio Solution File, Format Version 12.00
# Visual Studio Version 16
VisualStudioVersion = 16.0.31005.135
MinimumVisualStudioVersion = 10.0.40219.1
Project("{FAE04EC0-301F-11D3-BF4B-00C04F79EFBC}") = "DemoPaginas.Android", "DemoPaginas\DemoPaginas.Android\DemoPaginas.Android.csproj", "{4B3A707B-F2A2-40A6-80EA-43CCE97C1E7A}"
EndProject
Project("{FAE04EC0-301F-11D3-BF4B-00C04F79EFBC}") = "DemoPaginas.iOS", "DemoPaginas\DemoPaginas.iOS\DemoPaginas.iOS.csproj", "{6D2842B9-A909-4646-89B3-2CE950300008}"
EndProject
Project("{FAE04EC0-301F-11D3-BF4B-00C04F79EFBC}") = "DemoPaginas", "DemoPaginas\DemoPaginas\DemoPaginas.csproj", "{1361CC3B-6CC6-481E-B95F-071CA8B082BD}"
EndProject
Global
	GlobalSection(SolutionConfigurationPlatforms) = preSolution
		Debug|Any CPU = Debug|Any CPU
		Debug|iPhone = Debug|iPhone
		Debug|iPhoneSimulator = Debug|iPhoneSimulator
		Release|Any CPU = Release|Any CPU
		Release|iPhone = Release|iPhone
		Release|iPhoneSimulator = Release|iPhoneSimulator
	EndGlobalSection
	GlobalSection(ProjectConfigurationPlatforms) = postSolution
		{4B3A707B-F2A2-40A6-80EA-43CCE97C1E7A}.Debug|Any CPU.ActiveCfg = Debug|Any CPU
		{4B3A707B-F2A2-40A6-80EA-43CCE97C1E7A}.Debug|Any CPU.Build.0 = Debug|Any CPU
		{4B3A707B-F2A2-40A6-80EA-43CCE97C1E7A}.Debug|Any CPU.Deploy.0 = Debug|Any CPU
		{4B3A707B-F2A2-40A6-80EA-43CCE97C1E7A}.Debug|iPhone.ActiveCfg = Debug|Any CPU
		{4B3A707B-F2A2-40A6-80EA-43CCE97C1E7A}.Debug|iPhone.Build.0 = Debug|Any CPU
		{4B3A707B-F2A2-40A6-80EA-43CCE97C1E7A}.Debug|iPhone.Deploy.0 = Debug|Any CPU
		{4B3A707B-F2A2-40A6-80EA-43CCE97C1E7A}.Debug|iPhoneSimulator.ActiveCfg = Debug|Any CPU
		{4B3A707B-F2A2-40A6-80EA-43CCE97C1E7A}.Debug|iPhoneSimulator.Build.0 = Debug|Any CPU
		{4B3A707B-F2A2-40A6-80EA-43CCE97C1E7A}.Debug|iPhoneSimulator.Deploy.0 = Debug|Any CPU
		{4B3A707B-F2A2-40A6-80EA-43CCE97C1E7A}.Release|Any CPU.ActiveCfg = Release|Any CPU
		{4B3A707B-F2A2-40A6-80EA-43CCE97C1E7A}.Release|Any CPU.Build.0 = Release|Any CPU
		{4B3A707B-F2A2-40A6-80EA-43CCE97C1E7A}.Release|Any CPU.Deploy.0 = Release|Any CPU
		{4B3A707B-F2A2-40A6-80EA-43CCE97C1E7A}.Release|iPhone.ActiveCfg = Release|Any CPU
		{4B3A707B-F2A2-40A6-80EA-43CCE97C1E7A}.Release|iPhone.Build.0 = Release|Any CPU
		{4B3A707B-F2A2-40A6-80EA-43CCE97C1E7A}.Release|iPhone.Deploy.0 = Release|Any CPU
		{4B3A707B-F2A2-40A6-80EA-43CCE97C1E7A}.Release|iPhoneSimulator.ActiveCfg = Release|Any CPU
		{4B3A707B-F2A2-40A6-80EA-43CCE97C1E7A}.Release|iPhoneSimulator.Build.0 = Release|Any CPU
		{4B3A707B-F2A2-40A6-80EA-43CCE97C1E7A}.Release|iPhoneSimulator.Deploy.0 = Release|Any CPU
		{6D2842B9-A909-4646-89B3-2CE950300008}.Debug|Any CPU.ActiveCfg = Debug|iPhone
		{6D2842B9-A909-4646-89B3-2CE950300008}.Debug|Any CPU.Build.0 = Debug|iPhone
		{6D2842B9-A909-4646-89B3-2CE950300008}.Debug|Any CPU.Deploy.0 = Debug|iPhone
		{6D2842B9-A909-4646-89B3-2CE950300008}.Debug|iPhone.ActiveCfg = Debug|iPhone
		{6D2842B9-A909-4646-89B3-2CE950300008}.Debug|iPhone.Build.0 = Debug|iPhone
		{6D2842B9-A909-4646-89B3-2CE950300008}.Debug|iPhone.Deploy.0 = Debug|iPhone
		{6D2842B9-A909-4646-89B3-2CE950300008}.Debug|iPhoneSimulator.ActiveCfg = Debug|iPhoneSimulator
		{6D2842B9-A909-4646-89B3-2CE950300008}.Debug|iPhoneSimulator.Build.0 = Debug|iPhoneSimulator
		{6D2842B9-A909-4646-89B3-2CE950300008}.Debug|iPhoneSimulator.Deploy.0 = Debug|iPhoneSimulator
		{6D2842B9-A909-4646-89B3-2CE950300008}.Release|Any CPU.ActiveCfg = Release|iPhoneSimulator
		{6D2842B9-A909-4646-89B3-2CE950300008}.Release|Any CPU.Build.0 = Release|iPhoneSimulator
		{6D2842B9-A909-4646-89B3-2CE950300008}.Release|Any CPU.Deploy.0 = Release|iPhoneSimulator
		{6D2842B9-A909-4646-89B3-2CE950300008}.Release|iPhone.ActiveCfg = Release|iPhone
		{6D2842B9-A909-4646-89B3-2CE950300008}.Release|iPhone.Build.0 = Release|iPhone
		{6D2842B9-A909-4646-89B3-2CE950300008}.Release|iPhone.Deploy.0 = Release|iPhone
		{6D2842B9-A909-4646-89B3-2CE950300008}.Release|iPhoneSimulator.ActiveCfg = Release|iPhoneSimulator
		{6D2842B9-A909-4646-89B3-2CE950300008}.Release|iPhoneSimulator.Build.0 = Release|iPhoneSimulator
		{6D2842B9-A909-4646-89B3-2CE950300008}.Release|iPhoneSimulator.Deploy.0 = Release|iPhoneSimulator
		{1361CC3B-6CC6-481E-B95F-071CA8B082BD}.Debug|Any CPU.ActiveCfg = Debug|Any CPU
		{1361CC3B-6CC6-481E-B95F-071CA8B082BD}.Debug|Any CPU.Build.0 = Debug|Any CPU
		{1361CC3B-6CC6-481E-B95F-071CA8B082BD}.Debug|Any CPU.Deploy.0 = Debug|Any CPU
		{1361CC3B-6CC6-481E-B95F-071CA8B082BD}.Debug|iPhone.ActiveCfg = Debug|Any CPU
		{1361CC3B-6CC6-481E-B95F-071CA8B082BD}.Debug|iPhone.Build.0 = Debug|Any CPU
		{1361CC3B-6CC6-481E-B95F-071CA8B082BD}.Debug|iPhone.Deploy.0 = Debug|Any CPU
		{1361CC3B-6CC6-481E-B95F-071CA8B082BD}.Debug|iPhoneSimulator.ActiveCfg = Debug|Any CPU
		{1361CC3B-6CC6-481E-B95F-071CA8B082BD}.Debug|iPhoneSimulator.Build.0 = Debug|Any CPU
		{1361CC3B-6CC6-481E-B95F-071CA8B082BD}.Debug|iPhoneSimulator.Deploy.0 = Debug|Any CPU
		{1361CC3B-6CC6-481E-B95F-071CA8B082BD}.Release|Any CPU.ActiveCfg = Release|Any CPU
		{1361CC3B-6CC6-481E-B95F-071CA8B082BD}.Release|Any CPU.Build.0 = Release|Any CPU
		{1361CC3B-6CC6-481E-B95F-071CA8B082BD}.Release|Any CPU.Deploy.0 = Release|Any CPU
		{1361CC3B-6CC6-481E-B95F-071CA8B082BD}.Release|iPhone.ActiveCfg = Release|Any CPU
		{1361CC3B-6CC6-481E-B95F-071CA8B082BD}.Release|iPhone.Build.0 = Release|Any CPU
		{1361CC3B-6CC6-481E-B95F-071CA8B082BD}.Release|iPhone.Deploy.0 = Release|Any CPU
		{1361CC3B-6CC6-481E-B95F-071CA8B082BD}.Release|iPhoneSimulator.ActiveCfg = Release|Any CPU
		{1361CC3B-6CC6-481E-B95F-071CA8B082BD}.Release|iPhoneSimulator.Build.0 = Release|Any CPU
		{1361CC3B-6CC6-481E-B95F-071CA8B082BD}.Release|iPhoneSimulator.Deploy.0 = Release|Any CPU
	EndGlobalSection
	GlobalSection(SolutionProperties) = preSolution
		HideSolutionNode = FALSE
	EndGlobalSection
	GlobalSection(ExtensibilityGlobals) = postSolution
		SolutionGuid = {57C0D3CC-20ED-4B3F-ADCB-F5AF94153808}
	EndGlobalSection
EndGlobal
